# This file is autogenerated, do not edit; changes may be undone by the next 'dep ensure'.


[[projects]]
  branch = "master"
  digest = "1:be731dda610e770cdd3cfe95abe7b74474f35c3d855bdc3b99f6d0c6d86fbbec"
  name = "github.com/34South/envr"
  packages = ["."]
  pruneopts = "UT"
  revision = "e57a7716f427051e06978baf5d42f3594208db7c"

[[projects]]
  digest = "1:b0a72b6892878a18678d2100a8d5e406074fa527ab126e45a89df23662bbaf18"
  name = "github.com/algolia/algoliasearch-client-go"
  packages = [
    "algoliasearch",
    "algoliasearch/call",
  ]
  pruneopts = "UT"
  revision = "ba82b950b87b683a252b81c26b8478fcbcc9fa55"
  version = "2.24.0"

[[projects]]
  digest = "1:76dc72490af7174349349838f2fe118996381b31ea83243812a97e5a0fd5ed55"
  name = "github.com/dgrijalva/jwt-go"
  packages = ["."]
  pruneopts = "UT"
  revision = "06ea1031745cb8b3dab3f6a236daf2b0aa468b7e"
  version = "v3.2.0"

[[projects]]
  digest = "1:c79fb010be38a59d657c48c6ba1d003a8aa651fa56b579d959d74573b7dff8e1"
  name = "github.com/gorilla/context"
  packages = ["."]
  pruneopts = "UT"
  revision = "08b5f424b9271eedf6f9f0ce86cb9396ed337a42"
  version = "v1.1.1"

[[projects]]
  digest = "1:e73f5b0152105f18bc131fba127d9949305c8693f8a762588a82a48f61756f5f"
  name = "github.com/gorilla/mux"
  packages = ["."]
  pruneopts = "UT"
  revision = "e3702bed27f0d39777b0b37b664b6280e8ef8fbf"
  version = "v1.6.2"

[[projects]]
  branch = "master"
  digest = "1:12ed7dcca9531e58c65cdadb8af0052724bef7fa1581380523fb9cb1215faf0d"
  name = "github.com/hashicorp/go-uuid"
  packages = ["."]
  pruneopts = "UT"
  revision = "de160f5c59f693fed329e73e291bb751fe4ea4dc"

[[projects]]
  digest = "1:70e697d67ccaec45e16bac3a32380ebcd9e7e071079c60d0171d42cf1cf9748a"
  name = "github.com/joho/godotenv"
  packages = ["."]
  pruneopts = "UT"
  revision = "a79fa1e548e2c689c241d10173efd51e5d689d5b"
  version = "v1.2.0"

[[projects]]
  digest = "1:67105594fba7ad3f5abea71688338e6c7c48f8dc7e3b5a5b467dca94a24dad3e"
  name = "github.com/matryer/is"
  packages = ["."]
  pruneopts = "UT"
  revision = "5f0030ca4decdf2e702be47575d88eabf610593e"
  version = "v1.1.0"

[[projects]]
  branch = "master"
  digest = "1:123ccc36d7f2b672d0b0c4a905dd04cc19dfc6c7389ad13c328a4c7fb51f4204"
  name = "github.com/mikedonnici/pubmed"
  packages = ["."]
  pruneopts = "UT"
  revision = "80d9a9e5f1d9201b60b7a3541676fa24cc8db37b"

[[projects]]
  digest = "1:40e195917a951a8bf867cd05de2a46aaf1806c50cf92eebf4c16f78cd196f747"
  name = "github.com/pkg/errors"
  packages = ["."]
  pruneopts = "UT"
  revision = "645ef00459ed84a119197bfb8d8205042c6df63d"
  version = "v0.8.0"

[[projects]]
  digest = "1:0b8dd7447e420afff0260179dc892711e837edd1d446bc78dab924624a3c3c81"
  name = "github.com/rs/cors"
  packages = ["."]
  pruneopts = "UT"
  revision = "3fb1b69b103a84de38a19c3c6ec073dd6caa4d3f"
  version = "v1.5.0"

[[projects]]
  digest = "1:043a68c728982a54355d57e347dd4b52ba5ab3fec50e7a57894b1baa80aa7a9e"
  name = "github.com/sendgrid/rest"
  packages = ["."]
  pruneopts = "UT"
  revision = "306b9bef57dc36f3435ccfcc08fe6ae2c6920344"
  version = "v2.4.1"

[[projects]]
  digest = "1:bf326e9bc2c70dfc765590bfa9c9985e41355f7972fb50e7f052440f3a5122a2"
  name = "github.com/sendgrid/sendgrid-go"
  packages = [
    ".",
    "helpers/mail",
  ]
  pruneopts = "UT"
  revision = "8caf17aa96b4a98bae8bd216878dd50ff12897b5"
  version = "v3.4.1"

[[projects]]
  branch = "v2"
  digest = "1:988de7520a09024d5d94cd99bd545afbf194893994ec759b1cda0a0bbb6adb80"
  name = "gopkg.in/mgo.v2"
  packages = [
    ".",
    "bson",
    "internal/json",
    "internal/sasl",
    "internal/scram",
  ]
  pruneopts = "UT"
  revision = "9856a29383ce1c59f308dd1cf0363a79b5bef6b5"

[solve-meta]
  analyzer-name = "dep"
  analyzer-version = 1
  input-imports = [
    "github.com/34South/envr",
    "github.com/algolia/algoliasearch-client-go/algoliasearch",
    "github.com/dgrijalva/jwt-go",
    "github.com/gorilla/mux",
    "github.com/hashicorp/go-uuid",
    "github.com/matryer/is",
    "github.com/mikedonnici/pubmed",
    "github.com/pkg/errors",
    "github.com/rs/cors",
    "github.com/sendgrid/sendgrid-go",
    "github.com/sendgrid/sendgrid-go/helpers/mail",
    "gopkg.in/mgo.v2",
    "gopkg.in/mgo.v2/bson",
  ]
  solver-name = "gps-cdcl"
  solver-version = 1
